<Solution>
  <Project Path="Data/inaApp.Data.csproj" Id="f1bdc042-2141-43d4-b210-6c204f8bd8a7" />
  <Project Path="inaApi/inaApp.Api.csproj" />
  <Project Path="inaApp.Common/inaApp.Common.csproj" />
  <Project Path="inaApp.Entities/inaApp.Entities.csproj" />
  <Project Path="inaApp.Repository/inaApp.Repository.csproj" />
  <Project Path="inaApp.Services/inaApp.Services.csproj" />
</Solution>
